
Microsoft Visual Studio Solution File, Format Version 12.00
# Visual Studio Version 16
VisualStudioVersion = 16.0.29709.97
MinimumVisualStudioVersion = 10.0.40219.1
Project("{9A19103F-16F7-4668-BE54-9A1E7A4F7556}") = "AppTimerService", "AppTimerService\AppTimerService.csproj", "{0F7B102C-32BC-4921-A294-F978D01F6712}"
EndProject
Project("{9A19103F-16F7-4668-BE54-9A1E7A4F7556}") = "AppTimerService.UnitTests", "AppTimerService.UnitTests\AppTimerService.UnitTests.csproj", "{1AAB0CD6-7967-4F30-828A-39D7D5C42B8A}"
EndProject
Global
	GlobalSection(SolutionConfigurationPlatforms) = preSolution
		Debug|Any CPU = Debug|Any CPU
		Release|Any CPU = Release|Any CPU
	EndGlobalSection
	GlobalSection(ProjectConfigurationPlatforms) = postSolution
		{0F7B102C-32BC-4921-A294-F978D01F6712}.Debug|Any CPU.ActiveCfg = Debug|Any CPU
		{0F7B102C-32BC-4921-A294-F978D01F6712}.Debug|Any CPU.Build.0 = Debug|Any CPU
		{0F7B102C-32BC-4921-A294-F978D01F6712}.Release|Any CPU.ActiveCfg = Release|Any CPU
		{0F7B102C-32BC-4921-A294-F978D01F6712}.Release|Any CPU.Build.0 = Release|Any CPU
		{1AAB0CD6-7967-4F30-828A-39D7D5C42B8A}.Debug|Any CPU.ActiveCfg = Debug|Any CPU
		{1AAB0CD6-7967-4F30-828A-39D7D5C42B8A}.Debug|Any CPU.Build.0 = Debug|Any CPU
		{1AAB0CD6-7967-4F30-828A-39D7D5C42B8A}.Release|Any CPU.ActiveCfg = Release|Any CPU
		{1AAB0CD6-7967-4F30-828A-39D7D5C42B8A}.Release|Any CPU.Build.0 = Release|Any CPU
	EndGlobalSection
	GlobalSection(SolutionProperties) = preSolution
		HideSolutionNode = FALSE
	EndGlobalSection
	GlobalSection(ExtensibilityGlobals) = postSolution
		SolutionGuid = {1A879872-53B4-47FF-965F-7E4C145CC149}
	EndGlobalSection
EndGlobal
